// !$*UTF8*$!
{
	archiveVersion = 1;
	classes = {
	};
	objectVersion = 46;
	objects = {

/* Begin PBXBuildFile section */
		830046EA1C7C92B8004C88A7 /* ObjectProfiler.swift in Sources */ = {isa = PBXBuildFile; fileRef = 830046E91C7C92B8004C88A7 /* ObjectProfiler.swift */; };
		830B0F631C7C127700D9FC41 /* LeanCloud.swift in Sources */ = {isa = PBXBuildFile; fileRef = 830B0F621C7C127700D9FC41 /* LeanCloud.swift */; };
		830B0F651C7C20CE00D9FC41 /* Configuration.swift in Sources */ = {isa = PBXBuildFile; fileRef = 830B0F641C7C20CE00D9FC41 /* Configuration.swift */; };
		830B0F6C1C7C60DA00D9FC41 /* Runtime.swift in Sources */ = {isa = PBXBuildFile; fileRef = 830B0F6B1C7C60DA00D9FC41 /* Runtime.swift */; };
		8316B5391CFC73920076BCA7 /* CQLClient.swift in Sources */ = {isa = PBXBuildFile; fileRef = 8316B5381CFC73920076BCA7 /* CQLClient.swift */; };
		8334561C1CE589E500D42725 /* EngineTestCase.swift in Sources */ = {isa = PBXBuildFile; fileRef = 8334561B1CE589E500D42725 /* EngineTestCase.swift */; };
		8342FCC61C7B13A700C3CF15 /* LeanCloud.framework in Frameworks */ = {isa = PBXBuildFile; fileRef = 8342FCBB1C7B13A700C3CF15 /* LeanCloud.framework */; };
		8342FCCB1C7B13A700C3CF15 /* BaseTestCase.swift in Sources */ = {isa = PBXBuildFile; fileRef = 8342FCCA1C7B13A700C3CF15 /* BaseTestCase.swift */; };
		8343EF281CA91E5B0023D0CA /* Response.swift in Sources */ = {isa = PBXBuildFile; fileRef = 8343EF271CA91E5B0023D0CA /* Response.swift */; };
		83451E201CABB63600A378D7 /* Request.swift in Sources */ = {isa = PBXBuildFile; fileRef = 83451E1F1CABB63600A378D7 /* Request.swift */; };
		83451E431CAC23E900A378D7 /* MD5.swift in Sources */ = {isa = PBXBuildFile; fileRef = 83451E421CAC23E900A378D7 /* MD5.swift */; };
		83451E491CAD0E2300A378D7 /* ObjectUpdater.swift in Sources */ = {isa = PBXBuildFile; fileRef = 83451E481CAD0E2300A378D7 /* ObjectUpdater.swift */; };
		83451E9F1CAEBA3000A378D7 /* GeoPoint.swift in Sources */ = {isa = PBXBuildFile; fileRef = 83451E9E1CAEBA3000A378D7 /* GeoPoint.swift */; };
		83451EA81CAEBA8900A378D7 /* Data.swift in Sources */ = {isa = PBXBuildFile; fileRef = 83451EA71CAEBA8900A378D7 /* Data.swift */; };
		83451EAA1CAEBA9600A378D7 /* Date.swift in Sources */ = {isa = PBXBuildFile; fileRef = 83451EA91CAEBA9600A378D7 /* Date.swift */; };
		834E59C21C7ED06A009762AC /* Operation.swift in Sources */ = {isa = PBXBuildFile; fileRef = 834E59C11C7ED06A009762AC /* Operation.swift */; };
		834EA7151D2A139A00108DDC /* UserTestCase.swift in Sources */ = {isa = PBXBuildFile; fileRef = 834EA7141D2A139A00108DDC /* UserTestCase.swift */; };
		8352B5231D2BAAE600531785 /* RelationTestCase.swift in Sources */ = {isa = PBXBuildFile; fileRef = 8352B5221D2BAAE600531785 /* RelationTestCase.swift */; };
		835F52EB1CCBC0D7008EE3AC /* Null.swift in Sources */ = {isa = PBXBuildFile; fileRef = 835F52EA1CCBC0D7008EE3AC /* Null.swift */; };
		835F53011CCF0CF5008EE3AC /* Result.swift in Sources */ = {isa = PBXBuildFile; fileRef = 835F53001CCF0CF5008EE3AC /* Result.swift */; };
		835F530A1CCF1620008EE3AC /* Error.swift in Sources */ = {isa = PBXBuildFile; fileRef = 835F53091CCF1620008EE3AC /* Error.swift */; };
		836459C31CDE377800AD98A5 /* Role.swift in Sources */ = {isa = PBXBuildFile; fileRef = 836459C21CDE377800AD98A5 /* Role.swift */; };
		83724CCA1C7B54A700E59BED /* LeanCloud.h in Headers */ = {isa = PBXBuildFile; fileRef = 83724CC91C7B54A700E59BED /* LeanCloud.h */; settings = {ATTRIBUTES = (Public, ); }; };
		8374CCB11D3146F500844316 /* SMS.swift in Sources */ = {isa = PBXBuildFile; fileRef = 8374CCB01D3146F500844316 /* SMS.swift */; };
		837753541CA3D9D300C2053D /* Extension.swift in Sources */ = {isa = PBXBuildFile; fileRef = 837753531CA3D9D300C2053D /* Extension.swift */; };
		837753561CA3DB8B00C2053D /* Relation.swift in Sources */ = {isa = PBXBuildFile; fileRef = 837753551CA3DB8B00C2053D /* Relation.swift */; };
		837753581CA4CB0300C2053D /* Utility.swift in Sources */ = {isa = PBXBuildFile; fileRef = 837753571CA4CB0300C2053D /* Utility.swift */; };
		837E04FB1CABA694008CC3FF /* Alamofire.framework in Frameworks */ = {isa = PBXBuildFile; fileRef = 837E04EE1CABA688008CC3FF /* Alamofire.framework */; };
		837E05001CABAAB4008CC3FF /* RESTClient.swift in Sources */ = {isa = PBXBuildFile; fileRef = 837E04FF1CABAAB4008CC3FF /* RESTClient.swift */; };
		838B32F41CE1F1AC00CAEBF8 /* Engine.swift in Sources */ = {isa = PBXBuildFile; fileRef = 838B32F31CE1F1AC00CAEBF8 /* Engine.swift */; };
		839A8B961CDDACD400840831 /* User.swift in Sources */ = {isa = PBXBuildFile; fileRef = 839A8B951CDDACD400840831 /* User.swift */; };
		83A566DC1CA1414700E2EB12 /* BatchRequest.swift in Sources */ = {isa = PBXBuildFile; fileRef = 83A566DB1CA1414700E2EB12 /* BatchRequest.swift */; };
		83ACD25C1C8197BE00F7E2DE /* Object.swift in Sources */ = {isa = PBXBuildFile; fileRef = 83ACD25B1C8197BE00F7E2DE /* Object.swift */; };
		83ACD25E1C81981F00F7E2DE /* Type.swift in Sources */ = {isa = PBXBuildFile; fileRef = 83ACD25D1C81981F00F7E2DE /* Type.swift */; };
		83ACD2681C819D3B00F7E2DE /* Number.swift in Sources */ = {isa = PBXBuildFile; fileRef = 83ACD2671C819D3B00F7E2DE /* Number.swift */; };
		83ACD26A1C819D5A00F7E2DE /* Bool.swift in Sources */ = {isa = PBXBuildFile; fileRef = 83ACD2691C819D5A00F7E2DE /* Bool.swift */; };
		83ACD26C1C819D6900F7E2DE /* String.swift in Sources */ = {isa = PBXBuildFile; fileRef = 83ACD26B1C819D6900F7E2DE /* String.swift */; };
		83ACD26E1C819D8000F7E2DE /* Array.swift in Sources */ = {isa = PBXBuildFile; fileRef = 83ACD26D1C819D8000F7E2DE /* Array.swift */; };
		83ACD2701C819DA400F7E2DE /* Dictionary.swift in Sources */ = {isa = PBXBuildFile; fileRef = 83ACD26F1C819DA400F7E2DE /* Dictionary.swift */; };
		83BC11CD1CDD768500D7E7A6 /* ACL.swift in Sources */ = {isa = PBXBuildFile; fileRef = 83BC11CC1CDD768500D7E7A6 /* ACL.swift */; };
		83BC11D61CDD76E900D7E7A6 /* ACLTestCase.swift in Sources */ = {isa = PBXBuildFile; fileRef = 83BC11D51CDD76E900D7E7A6 /* ACLTestCase.swift */; };
		83D0DE6F1CC7B3FF00FC204E /* QueryTestCase.swift in Sources */ = {isa = PBXBuildFile; fileRef = 83D0DE6E1CC7B3FF00FC204E /* QueryTestCase.swift */; };
		83D592311CD8871E007177C5 /* Exception.swift in Sources */ = {isa = PBXBuildFile; fileRef = 83D592301CD8871E007177C5 /* Exception.swift */; };
		83D5923C1CD887CE007177C5 /* XCTestCase+Exception.m in Sources */ = {isa = PBXBuildFile; fileRef = 83D5923B1CD887CE007177C5 /* XCTestCase+Exception.m */; };
		83FAF0931CC4D1E400A84063 /* ObjectTestCase.swift in Sources */ = {isa = PBXBuildFile; fileRef = 83FAF0921CC4D1E400A84063 /* ObjectTestCase.swift */; };
		83FAF09E1CC5D85B00A84063 /* Query.swift in Sources */ = {isa = PBXBuildFile; fileRef = 83FAF09D1CC5D85B00A84063 /* Query.swift */; };
/* End PBXBuildFile section */

/* Begin PBXContainerItemProxy section */
		8342FCC71C7B13A700C3CF15 /* PBXContainerItemProxy */ = {
			isa = PBXContainerItemProxy;
			containerPortal = 8342FCB21C7B13A600C3CF15 /* Project object */;
			proxyType = 1;
			remoteGlobalIDString = 8342FCBA1C7B13A700C3CF15;
			remoteInfo = LeanCloud;
		};
		837E04ED1CABA688008CC3FF /* PBXContainerItemProxy */ = {
			isa = PBXContainerItemProxy;
			containerPortal = 837E04E31CABA688008CC3FF /* Alamofire.xcodeproj */;
			proxyType = 2;
			remoteGlobalIDString = F8111E3319A95C8B0040E7D1;
			remoteInfo = "Alamofire iOS";
		};
		837E04EF1CABA688008CC3FF /* PBXContainerItemProxy */ = {
			isa = PBXContainerItemProxy;
			containerPortal = 837E04E31CABA688008CC3FF /* Alamofire.xcodeproj */;
			proxyType = 2;
			remoteGlobalIDString = F8111E3E19A95C8B0040E7D1;
			remoteInfo = "Alamofire iOS Tests";
		};
		837E04F11CABA688008CC3FF /* PBXContainerItemProxy */ = {
			isa = PBXContainerItemProxy;
			containerPortal = 837E04E31CABA688008CC3FF /* Alamofire.xcodeproj */;
			proxyType = 2;
			remoteGlobalIDString = 4DD67C0B1A5C55C900ED2280;
			remoteInfo = "Alamofire OSX";
		};
		837E04F31CABA688008CC3FF /* PBXContainerItemProxy */ = {
			isa = PBXContainerItemProxy;
			containerPortal = 837E04E31CABA688008CC3FF /* Alamofire.xcodeproj */;
			proxyType = 2;
			remoteGlobalIDString = F829C6B21A7A94F100A2CD59;
			remoteInfo = "Alamofire OSX Tests";
		};
		837E04F51CABA688008CC3FF /* PBXContainerItemProxy */ = {
			isa = PBXContainerItemProxy;
			containerPortal = 837E04E31CABA688008CC3FF /* Alamofire.xcodeproj */;
			proxyType = 2;
			remoteGlobalIDString = 4CF626EF1BA7CB3E0011A099;
			remoteInfo = "Alamofire tvOS";
		};
		837E04F71CABA688008CC3FF /* PBXContainerItemProxy */ = {
			isa = PBXContainerItemProxy;
			containerPortal = 837E04E31CABA688008CC3FF /* Alamofire.xcodeproj */;
			proxyType = 2;
			remoteGlobalIDString = 4CF626F81BA7CB3E0011A099;
			remoteInfo = "Alamofire tvOS Tests";
		};
		837E04F91CABA688008CC3FF /* PBXContainerItemProxy */ = {
			isa = PBXContainerItemProxy;
			containerPortal = 837E04E31CABA688008CC3FF /* Alamofire.xcodeproj */;
			proxyType = 2;
			remoteGlobalIDString = E4202FE01B667AA100C997FB;
			remoteInfo = "Alamofire watchOS";
		};
/* End PBXContainerItemProxy section */

/* Begin PBXFileReference section */
		830046E91C7C92B8004C88A7 /* ObjectProfiler.swift */ = {isa = PBXFileReference; fileEncoding = 4; lastKnownFileType = sourcecode.swift; path = ObjectProfiler.swift; sourceTree = "<group>"; };
		830B0F621C7C127700D9FC41 /* LeanCloud.swift */ = {isa = PBXFileReference; fileEncoding = 4; lastKnownFileType = sourcecode.swift; path = LeanCloud.swift; sourceTree = "<group>"; };
		830B0F641C7C20CE00D9FC41 /* Configuration.swift */ = {isa = PBXFileReference; fileEncoding = 4; lastKnownFileType = sourcecode.swift; path = Configuration.swift; sourceTree = "<group>"; };
		830B0F6B1C7C60DA00D9FC41 /* Runtime.swift */ = {isa = PBXFileReference; fileEncoding = 4; lastKnownFileType = sourcecode.swift; path = Runtime.swift; sourceTree = "<group>"; };
		8316B5381CFC73920076BCA7 /* CQLClient.swift */ = {isa = PBXFileReference; fileEncoding = 4; lastKnownFileType = sourcecode.swift; path = CQLClient.swift; sourceTree = "<group>"; };
		8334561B1CE589E500D42725 /* EngineTestCase.swift */ = {isa = PBXFileReference; fileEncoding = 4; lastKnownFileType = sourcecode.swift; path = EngineTestCase.swift; sourceTree = "<group>"; };
		8342FCBB1C7B13A700C3CF15 /* LeanCloud.framework */ = {isa = PBXFileReference; explicitFileType = wrapper.framework; includeInIndex = 0; path = LeanCloud.framework; sourceTree = BUILT_PRODUCTS_DIR; };
		8342FCC01C7B13A700C3CF15 /* Info.plist */ = {isa = PBXFileReference; lastKnownFileType = text.plist.xml; path = Info.plist; sourceTree = "<group>"; };
		8342FCC51C7B13A700C3CF15 /* LeanCloudTests.xctest */ = {isa = PBXFileReference; explicitFileType = wrapper.cfbundle; includeInIndex = 0; path = LeanCloudTests.xctest; sourceTree = BUILT_PRODUCTS_DIR; };
		8342FCCA1C7B13A700C3CF15 /* BaseTestCase.swift */ = {isa = PBXFileReference; lastKnownFileType = sourcecode.swift; path = BaseTestCase.swift; sourceTree = "<group>"; };
		8342FCCC1C7B13A700C3CF15 /* Info.plist */ = {isa = PBXFileReference; lastKnownFileType = text.plist.xml; path = Info.plist; sourceTree = "<group>"; };
		8343EF271CA91E5B0023D0CA /* Response.swift */ = {isa = PBXFileReference; fileEncoding = 4; lastKnownFileType = sourcecode.swift; path = Response.swift; sourceTree = "<group>"; };
		83451E1F1CABB63600A378D7 /* Request.swift */ = {isa = PBXFileReference; fileEncoding = 4; lastKnownFileType = sourcecode.swift; path = Request.swift; sourceTree = "<group>"; };
		83451E421CAC23E900A378D7 /* MD5.swift */ = {isa = PBXFileReference; fileEncoding = 4; lastKnownFileType = sourcecode.swift; path = MD5.swift; sourceTree = "<group>"; };
		83451E481CAD0E2300A378D7 /* ObjectUpdater.swift */ = {isa = PBXFileReference; fileEncoding = 4; lastKnownFileType = sourcecode.swift; path = ObjectUpdater.swift; sourceTree = "<group>"; };
		83451E9E1CAEBA3000A378D7 /* GeoPoint.swift */ = {isa = PBXFileReference; fileEncoding = 4; lastKnownFileType = sourcecode.swift; path = GeoPoint.swift; sourceTree = "<group>"; };
		83451EA71CAEBA8900A378D7 /* Data.swift */ = {isa = PBXFileReference; fileEncoding = 4; lastKnownFileType = sourcecode.swift; path = Data.swift; sourceTree = "<group>"; };
		83451EA91CAEBA9600A378D7 /* Date.swift */ = {isa = PBXFileReference; fileEncoding = 4; lastKnownFileType = sourcecode.swift; path = Date.swift; sourceTree = "<group>"; };
		834E59C11C7ED06A009762AC /* Operation.swift */ = {isa = PBXFileReference; fileEncoding = 4; lastKnownFileType = sourcecode.swift; path = Operation.swift; sourceTree = "<group>"; };
		834EA7141D2A139A00108DDC /* UserTestCase.swift */ = {isa = PBXFileReference; fileEncoding = 4; lastKnownFileType = sourcecode.swift; path = UserTestCase.swift; sourceTree = "<group>"; };
		8352B5221D2BAAE600531785 /* RelationTestCase.swift */ = {isa = PBXFileReference; fileEncoding = 4; lastKnownFileType = sourcecode.swift; path = RelationTestCase.swift; sourceTree = "<group>"; };
		835F52EA1CCBC0D7008EE3AC /* Null.swift */ = {isa = PBXFileReference; fileEncoding = 4; lastKnownFileType = sourcecode.swift; path = Null.swift; sourceTree = "<group>"; };
		835F53001CCF0CF5008EE3AC /* Result.swift */ = {isa = PBXFileReference; fileEncoding = 4; lastKnownFileType = sourcecode.swift; path = Result.swift; sourceTree = "<group>"; };
		835F53091CCF1620008EE3AC /* Error.swift */ = {isa = PBXFileReference; fileEncoding = 4; lastKnownFileType = sourcecode.swift; path = Error.swift; sourceTree = "<group>"; };
		836459C21CDE377800AD98A5 /* Role.swift */ = {isa = PBXFileReference; fileEncoding = 4; lastKnownFileType = sourcecode.swift; path = Role.swift; sourceTree = "<group>"; };
		83724CC91C7B54A700E59BED /* LeanCloud.h */ = {isa = PBXFileReference; fileEncoding = 4; lastKnownFileType = sourcecode.c.h; path = LeanCloud.h; sourceTree = "<group>"; };
		8374CCB01D3146F500844316 /* SMS.swift */ = {isa = PBXFileReference; fileEncoding = 4; lastKnownFileType = sourcecode.swift; path = SMS.swift; sourceTree = "<group>"; };
		837753531CA3D9D300C2053D /* Extension.swift */ = {isa = PBXFileReference; fileEncoding = 4; lastKnownFileType = sourcecode.swift; path = Extension.swift; sourceTree = "<group>"; };
		837753551CA3DB8B00C2053D /* Relation.swift */ = {isa = PBXFileReference; fileEncoding = 4; lastKnownFileType = sourcecode.swift; path = Relation.swift; sourceTree = "<group>"; };
		837753571CA4CB0300C2053D /* Utility.swift */ = {isa = PBXFileReference; fileEncoding = 4; lastKnownFileType = sourcecode.swift; path = Utility.swift; sourceTree = "<group>"; };
		837E04E31CABA688008CC3FF /* Alamofire.xcodeproj */ = {isa = PBXFileReference; lastKnownFileType = "wrapper.pb-project"; name = Alamofire.xcodeproj; path = Alamofire/Alamofire.xcodeproj; sourceTree = "<group>"; };
		837E04FF1CABAAB4008CC3FF /* RESTClient.swift */ = {isa = PBXFileReference; fileEncoding = 4; lastKnownFileType = sourcecode.swift; path = RESTClient.swift; sourceTree = "<group>"; };
		838B32F31CE1F1AC00CAEBF8 /* Engine.swift */ = {isa = PBXFileReference; fileEncoding = 4; lastKnownFileType = sourcecode.swift; path = Engine.swift; sourceTree = "<group>"; };
		839A8B951CDDACD400840831 /* User.swift */ = {isa = PBXFileReference; fileEncoding = 4; lastKnownFileType = sourcecode.swift; path = User.swift; sourceTree = "<group>"; };
		83A566DB1CA1414700E2EB12 /* BatchRequest.swift */ = {isa = PBXFileReference; fileEncoding = 4; lastKnownFileType = sourcecode.swift; path = BatchRequest.swift; sourceTree = "<group>"; };
		83ACD25B1C8197BE00F7E2DE /* Object.swift */ = {isa = PBXFileReference; fileEncoding = 4; lastKnownFileType = sourcecode.swift; path = Object.swift; sourceTree = "<group>"; };
		83ACD25D1C81981F00F7E2DE /* Type.swift */ = {isa = PBXFileReference; fileEncoding = 4; lastKnownFileType = sourcecode.swift; path = Type.swift; sourceTree = "<group>"; };
		83ACD2671C819D3B00F7E2DE /* Number.swift */ = {isa = PBXFileReference; fileEncoding = 4; lastKnownFileType = sourcecode.swift; path = Number.swift; sourceTree = "<group>"; };
		83ACD2691C819D5A00F7E2DE /* Bool.swift */ = {isa = PBXFileReference; fileEncoding = 4; lastKnownFileType = sourcecode.swift; path = Bool.swift; sourceTree = "<group>"; };
		83ACD26B1C819D6900F7E2DE /* String.swift */ = {isa = PBXFileReference; fileEncoding = 4; lastKnownFileType = sourcecode.swift; path = String.swift; sourceTree = "<group>"; };
		83ACD26D1C819D8000F7E2DE /* Array.swift */ = {isa = PBXFileReference; fileEncoding = 4; lastKnownFileType = sourcecode.swift; path = Array.swift; sourceTree = "<group>"; };
		83ACD26F1C819DA400F7E2DE /* Dictionary.swift */ = {isa = PBXFileReference; fileEncoding = 4; lastKnownFileType = sourcecode.swift; path = Dictionary.swift; sourceTree = "<group>"; };
		83BC11CC1CDD768500D7E7A6 /* ACL.swift */ = {isa = PBXFileReference; fileEncoding = 4; lastKnownFileType = sourcecode.swift; path = ACL.swift; sourceTree = "<group>"; };
		83BC11D51CDD76E900D7E7A6 /* ACLTestCase.swift */ = {isa = PBXFileReference; fileEncoding = 4; lastKnownFileType = sourcecode.swift; path = ACLTestCase.swift; sourceTree = "<group>"; };
		83D0DE6E1CC7B3FF00FC204E /* QueryTestCase.swift */ = {isa = PBXFileReference; fileEncoding = 4; lastKnownFileType = sourcecode.swift; path = QueryTestCase.swift; sourceTree = "<group>"; };
		83D592301CD8871E007177C5 /* Exception.swift */ = {isa = PBXFileReference; fileEncoding = 4; lastKnownFileType = sourcecode.swift; path = Exception.swift; sourceTree = "<group>"; };
		83D5923A1CD887CE007177C5 /* XCTestCase+Exception.h */ = {isa = PBXFileReference; fileEncoding = 4; lastKnownFileType = sourcecode.c.h; path = "XCTestCase+Exception.h"; sourceTree = "<group>"; };
		83D5923B1CD887CE007177C5 /* XCTestCase+Exception.m */ = {isa = PBXFileReference; fileEncoding = 4; lastKnownFileType = sourcecode.c.objc; path = "XCTestCase+Exception.m"; sourceTree = "<group>"; };
		83D5923D1CD88846007177C5 /* BridgingHeader.h */ = {isa = PBXFileReference; fileEncoding = 4; lastKnownFileType = sourcecode.c.h; path = BridgingHeader.h; sourceTree = "<group>"; };
		83FAF0921CC4D1E400A84063 /* ObjectTestCase.swift */ = {isa = PBXFileReference; fileEncoding = 4; lastKnownFileType = sourcecode.swift; path = ObjectTestCase.swift; sourceTree = "<group>"; };
		83FAF09D1CC5D85B00A84063 /* Query.swift */ = {isa = PBXFileReference; fileEncoding = 4; lastKnownFileType = sourcecode.swift; path = Query.swift; sourceTree = "<group>"; };
/* End PBXFileReference section */

/* Begin PBXFrameworksBuildPhase section */
		8342FCB71C7B13A700C3CF15 /* Frameworks */ = {
			isa = PBXFrameworksBuildPhase;
			buildActionMask = 2147483647;
			files = (
				837E04FB1CABA694008CC3FF /* Alamofire.framework in Frameworks */,
			);
			runOnlyForDeploymentPostprocessing = 0;
		};
		8342FCC21C7B13A700C3CF15 /* Frameworks */ = {
			isa = PBXFrameworksBuildPhase;
			buildActionMask = 2147483647;
			files = (
				8342FCC61C7B13A700C3CF15 /* LeanCloud.framework in Frameworks */,
			);
			runOnlyForDeploymentPostprocessing = 0;
		};
/* End PBXFrameworksBuildPhase section */

/* Begin PBXGroup section */
		8342FCB11C7B13A600C3CF15 = {
			isa = PBXGroup;
			children = (
				837E04E31CABA688008CC3FF /* Alamofire.xcodeproj */,
				83724CC61C7B547000E59BED /* Source */,
				8342FCBD1C7B13A700C3CF15 /* LeanCloud */,
				8342FCC91C7B13A700C3CF15 /* LeanCloudTests */,
				8342FCBC1C7B13A700C3CF15 /* Products */,
			);
			sourceTree = "<group>";
		};
		8342FCBC1C7B13A700C3CF15 /* Products */ = {
			isa = PBXGroup;
			children = (
				8342FCBB1C7B13A700C3CF15 /* LeanCloud.framework */,
				8342FCC51C7B13A700C3CF15 /* LeanCloudTests.xctest */,
			);
			name = Products;
			sourceTree = "<group>";
		};
		8342FCBD1C7B13A700C3CF15 /* LeanCloud */ = {
			isa = PBXGroup;
			children = (
				8342FCC01C7B13A700C3CF15 /* Info.plist */,
			);
			path = LeanCloud;
			sourceTree = "<group>";
		};
		8342FCC91C7B13A700C3CF15 /* LeanCloudTests */ = {
			isa = PBXGroup;
			children = (
				83D592391CD887CE007177C5 /* Exception */,
				83D5923D1CD88846007177C5 /* BridgingHeader.h */,
				8342FCCA1C7B13A700C3CF15 /* BaseTestCase.swift */,
				8334561B1CE589E500D42725 /* EngineTestCase.swift */,
				83BC11D51CDD76E900D7E7A6 /* ACLTestCase.swift */,
				83FAF0921CC4D1E400A84063 /* ObjectTestCase.swift */,
				83D0DE6E1CC7B3FF00FC204E /* QueryTestCase.swift */,
				8352B5221D2BAAE600531785 /* RelationTestCase.swift */,
				834EA7141D2A139A00108DDC /* UserTestCase.swift */,
				8342FCCC1C7B13A700C3CF15 /* Info.plist */,
			);
			path = LeanCloudTests;
			sourceTree = "<group>";
		};
		83451E3A1CAC23D100A378D7 /* Library */ = {
			isa = PBXGroup;
			children = (
				83451E421CAC23E900A378D7 /* MD5.swift */,
			);
			path = Library;
			sourceTree = "<group>";
		};
		83724CC61C7B547000E59BED /* Source */ = {
			isa = PBXGroup;
			children = (
				83451E3A1CAC23D100A378D7 /* Library */,
				83ACD25A1C8197BE00F7E2DE /* DataType */,
				83724CC91C7B54A700E59BED /* LeanCloud.h */,
				830B0F621C7C127700D9FC41 /* LeanCloud.swift */,
				837753571CA4CB0300C2053D /* Utility.swift */,
				837753531CA3D9D300C2053D /* Extension.swift */,
				830B0F641C7C20CE00D9FC41 /* Configuration.swift */,
				830046E91C7C92B8004C88A7 /* ObjectProfiler.swift */,
				83451E481CAD0E2300A378D7 /* ObjectUpdater.swift */,
				834E59C11C7ED06A009762AC /* Operation.swift */,
				837E04FF1CABAAB4008CC3FF /* RESTClient.swift */,
				83A566DB1CA1414700E2EB12 /* BatchRequest.swift */,
				83451E1F1CABB63600A378D7 /* Request.swift */,
				8343EF271CA91E5B0023D0CA /* Response.swift */,
				835F53001CCF0CF5008EE3AC /* Result.swift */,
				83D592301CD8871E007177C5 /* Exception.swift */,
				835F53091CCF1620008EE3AC /* Error.swift */,
				830B0F6B1C7C60DA00D9FC41 /* Runtime.swift */,
				83FAF09D1CC5D85B00A84063 /* Query.swift */,
				8316B5381CFC73920076BCA7 /* CQLClient.swift */,
				838B32F31CE1F1AC00CAEBF8 /* Engine.swift */,
				8374CCB01D3146F500844316 /* SMS.swift */,
			);
			path = Source;
			sourceTree = "<group>";
		};
		837E04E41CABA688008CC3FF /* Products */ = {
			isa = PBXGroup;
			children = (
				837E04EE1CABA688008CC3FF /* Alamofire.framework */,
				837E04F01CABA688008CC3FF /* Alamofire iOS Tests.xctest */,
				837E04F21CABA688008CC3FF /* Alamofire.framework */,
				837E04F41CABA688008CC3FF /* Alamofire OSX Tests.xctest */,
				837E04F61CABA688008CC3FF /* Alamofire.framework */,
				837E04F81CABA688008CC3FF /* Alamofire tvOS Tests.xctest */,
				837E04FA1CABA688008CC3FF /* Alamofire.framework */,
			);
			name = Products;
			sourceTree = "<group>";
		};
		83ACD25A1C8197BE00F7E2DE /* DataType */ = {
			isa = PBXGroup;
			children = (
				83ACD25D1C81981F00F7E2DE /* Type.swift */,
				835F52EA1CCBC0D7008EE3AC /* Null.swift */,
				83ACD2671C819D3B00F7E2DE /* Number.swift */,
				83ACD2691C819D5A00F7E2DE /* Bool.swift */,
				83ACD26B1C819D6900F7E2DE /* String.swift */,
				83ACD26D1C819D8000F7E2DE /* Array.swift */,
				83ACD26F1C819DA400F7E2DE /* Dictionary.swift */,
				83ACD25B1C8197BE00F7E2DE /* Object.swift */,
				837753551CA3DB8B00C2053D /* Relation.swift */,
				83451E9E1CAEBA3000A378D7 /* GeoPoint.swift */,
				83451EA71CAEBA8900A378D7 /* Data.swift */,
				83451EA91CAEBA9600A378D7 /* Date.swift */,
				839A8B951CDDACD400840831 /* User.swift */,
				836459C21CDE377800AD98A5 /* Role.swift */,
				83BC11CC1CDD768500D7E7A6 /* ACL.swift */,
			);
			path = DataType;
			sourceTree = "<group>";
		};
		83D592391CD887CE007177C5 /* Exception */ = {
			isa = PBXGroup;
			children = (
				83D5923A1CD887CE007177C5 /* XCTestCase+Exception.h */,
				83D5923B1CD887CE007177C5 /* XCTestCase+Exception.m */,
			);
			path = Exception;
			sourceTree = "<group>";
		};
/* End PBXGroup section */

/* Begin PBXHeadersBuildPhase section */
		8342FCB81C7B13A700C3CF15 /* Headers */ = {
			isa = PBXHeadersBuildPhase;
			buildActionMask = 2147483647;
			files = (
				83724CCA1C7B54A700E59BED /* LeanCloud.h in Headers */,
			);
			runOnlyForDeploymentPostprocessing = 0;
		};
/* End PBXHeadersBuildPhase section */

/* Begin PBXNativeTarget section */
		8342FCBA1C7B13A700C3CF15 /* LeanCloud */ = {
			isa = PBXNativeTarget;
			buildConfigurationList = 8342FCCF1C7B13A700C3CF15 /* Build configuration list for PBXNativeTarget "LeanCloud" */;
			buildPhases = (
				8342FCB61C7B13A700C3CF15 /* Sources */,
				8342FCB71C7B13A700C3CF15 /* Frameworks */,
				8342FCB81C7B13A700C3CF15 /* Headers */,
				8342FCB91C7B13A700C3CF15 /* Resources */,
			);
			buildRules = (
			);
			dependencies = (
			);
			name = LeanCloud;
			productName = LeanCloud;
			productReference = 8342FCBB1C7B13A700C3CF15 /* LeanCloud.framework */;
			productType = "com.apple.product-type.framework";
		};
		8342FCC41C7B13A700C3CF15 /* LeanCloudTests */ = {
			isa = PBXNativeTarget;
			buildConfigurationList = 8342FCD21C7B13A700C3CF15 /* Build configuration list for PBXNativeTarget "LeanCloudTests" */;
			buildPhases = (
				8342FCC11C7B13A700C3CF15 /* Sources */,
				8342FCC21C7B13A700C3CF15 /* Frameworks */,
				8342FCC31C7B13A700C3CF15 /* Resources */,
			);
			buildRules = (
			);
			dependencies = (
				8342FCC81C7B13A700C3CF15 /* PBXTargetDependency */,
			);
			name = LeanCloudTests;
			productName = LeanCloudTests;
			productReference = 8342FCC51C7B13A700C3CF15 /* LeanCloudTests.xctest */;
			productType = "com.apple.product-type.bundle.unit-test";
		};
/* End PBXNativeTarget section */

/* Begin PBXProject section */
		8342FCB21C7B13A600C3CF15 /* Project object */ = {
			isa = PBXProject;
			attributes = {
				LastSwiftUpdateCheck = 0730;
				LastUpgradeCheck = 0720;
				ORGANIZATIONNAME = LeanCloud;
				TargetAttributes = {
					8342FCBA1C7B13A700C3CF15 = {
						CreatedOnToolsVersion = 7.2;
					};
					8342FCC41C7B13A700C3CF15 = {
						CreatedOnToolsVersion = 7.2;
					};
				};
			};
			buildConfigurationList = 8342FCB51C7B13A600C3CF15 /* Build configuration list for PBXProject "LeanCloud" */;
			compatibilityVersion = "Xcode 3.2";
			developmentRegion = English;
			hasScannedForEncodings = 0;
			knownRegions = (
				en,
			);
			mainGroup = 8342FCB11C7B13A600C3CF15;
			productRefGroup = 8342FCBC1C7B13A700C3CF15 /* Products */;
			projectDirPath = "";
			projectReferences = (
				{
					ProductGroup = 837E04E41CABA688008CC3FF /* Products */;
					ProjectRef = 837E04E31CABA688008CC3FF /* Alamofire.xcodeproj */;
				},
			);
			projectRoot = "";
			targets = (
				8342FCBA1C7B13A700C3CF15 /* LeanCloud */,
				8342FCC41C7B13A700C3CF15 /* LeanCloudTests */,
			);
		};
/* End PBXProject section */

/* Begin PBXReferenceProxy section */
		837E04EE1CABA688008CC3FF /* Alamofire.framework */ = {
			isa = PBXReferenceProxy;
			fileType = wrapper.framework;
			path = Alamofire.framework;
			remoteRef = 837E04ED1CABA688008CC3FF /* PBXContainerItemProxy */;
			sourceTree = BUILT_PRODUCTS_DIR;
		};
		837E04F01CABA688008CC3FF /* Alamofire iOS Tests.xctest */ = {
			isa = PBXReferenceProxy;
			fileType = wrapper.cfbundle;
			path = "Alamofire iOS Tests.xctest";
			remoteRef = 837E04EF1CABA688008CC3FF /* PBXContainerItemProxy */;
			sourceTree = BUILT_PRODUCTS_DIR;
		};
		837E04F21CABA688008CC3FF /* Alamofire.framework */ = {
			isa = PBXReferenceProxy;
			fileType = wrapper.framework;
			path = Alamofire.framework;
			remoteRef = 837E04F11CABA688008CC3FF /* PBXContainerItemProxy */;
			sourceTree = BUILT_PRODUCTS_DIR;
		};
		837E04F41CABA688008CC3FF /* Alamofire OSX Tests.xctest */ = {
			isa = PBXReferenceProxy;
			fileType = wrapper.cfbundle;
			path = "Alamofire OSX Tests.xctest";
			remoteRef = 837E04F31CABA688008CC3FF /* PBXContainerItemProxy */;
			sourceTree = BUILT_PRODUCTS_DIR;
		};
		837E04F61CABA688008CC3FF /* Alamofire.framework */ = {
			isa = PBXReferenceProxy;
			fileType = wrapper.framework;
			path = Alamofire.framework;
			remoteRef = 837E04F51CABA688008CC3FF /* PBXContainerItemProxy */;
			sourceTree = BUILT_PRODUCTS_DIR;
		};
		837E04F81CABA688008CC3FF /* Alamofire tvOS Tests.xctest */ = {
			isa = PBXReferenceProxy;
			fileType = wrapper.cfbundle;
			path = "Alamofire tvOS Tests.xctest";
			remoteRef = 837E04F71CABA688008CC3FF /* PBXContainerItemProxy */;
			sourceTree = BUILT_PRODUCTS_DIR;
		};
		837E04FA1CABA688008CC3FF /* Alamofire.framework */ = {
			isa = PBXReferenceProxy;
			fileType = wrapper.framework;
			path = Alamofire.framework;
			remoteRef = 837E04F91CABA688008CC3FF /* PBXContainerItemProxy */;
			sourceTree = BUILT_PRODUCTS_DIR;
		};
/* End PBXReferenceProxy section */

/* Begin PBXResourcesBuildPhase section */
		8342FCB91C7B13A700C3CF15 /* Resources */ = {
			isa = PBXResourcesBuildPhase;
			buildActionMask = 2147483647;
			files = (
			);
			runOnlyForDeploymentPostprocessing = 0;
		};
		8342FCC31C7B13A700C3CF15 /* Resources */ = {
			isa = PBXResourcesBuildPhase;
			buildActionMask = 2147483647;
			files = (
			);
			runOnlyForDeploymentPostprocessing = 0;
		};
/* End PBXResourcesBuildPhase section */

/* Begin PBXSourcesBuildPhase section */
		8342FCB61C7B13A700C3CF15 /* Sources */ = {
			isa = PBXSourcesBuildPhase;
			buildActionMask = 2147483647;
			files = (
				837753561CA3DB8B00C2053D /* Relation.swift in Sources */,
				83451E9F1CAEBA3000A378D7 /* GeoPoint.swift in Sources */,
				83ACD26A1C819D5A00F7E2DE /* Bool.swift in Sources */,
				830B0F6C1C7C60DA00D9FC41 /* Runtime.swift in Sources */,
				8343EF281CA91E5B0023D0CA /* Response.swift in Sources */,
				83451EA81CAEBA8900A378D7 /* Data.swift in Sources */,
				83ACD25E1C81981F00F7E2DE /* Type.swift in Sources */,
				830B0F651C7C20CE00D9FC41 /* Configuration.swift in Sources */,
				83451E431CAC23E900A378D7 /* MD5.swift in Sources */,
				834E59C21C7ED06A009762AC /* Operation.swift in Sources */,
				830046EA1C7C92B8004C88A7 /* ObjectProfiler.swift in Sources */,
				83BC11CD1CDD768500D7E7A6 /* ACL.swift in Sources */,
				83ACD25C1C8197BE00F7E2DE /* Object.swift in Sources */,
				830B0F631C7C127700D9FC41 /* LeanCloud.swift in Sources */,
				83ACD2701C819DA400F7E2DE /* Dictionary.swift in Sources */,
				836459C31CDE377800AD98A5 /* Role.swift in Sources */,
				83451E491CAD0E2300A378D7 /* ObjectUpdater.swift in Sources */,
				837753541CA3D9D300C2053D /* Extension.swift in Sources */,
				8374CCB11D3146F500844316 /* SMS.swift in Sources */,
				83451E201CABB63600A378D7 /* Request.swift in Sources */,
				83ACD26E1C819D8000F7E2DE /* Array.swift in Sources */,
				835F53011CCF0CF5008EE3AC /* Result.swift in Sources */,
				837753581CA4CB0300C2053D /* Utility.swift in Sources */,
				839A8B961CDDACD400840831 /* User.swift in Sources */,
				8316B5391CFC73920076BCA7 /* CQLClient.swift in Sources */,
				83D592311CD8871E007177C5 /* Exception.swift in Sources */,
				835F530A1CCF1620008EE3AC /* Error.swift in Sources */,
				83FAF09E1CC5D85B00A84063 /* Query.swift in Sources */,
				838B32F41CE1F1AC00CAEBF8 /* Engine.swift in Sources */,
				83A566DC1CA1414700E2EB12 /* BatchRequest.swift in Sources */,
				83451EAA1CAEBA9600A378D7 /* Date.swift in Sources */,
				83ACD2681C819D3B00F7E2DE /* Number.swift in Sources */,
				837E05001CABAAB4008CC3FF /* RESTClient.swift in Sources */,
				83ACD26C1C819D6900F7E2DE /* String.swift in Sources */,
				835F52EB1CCBC0D7008EE3AC /* Null.swift in Sources */,
			);
			runOnlyForDeploymentPostprocessing = 0;
		};
		8342FCC11C7B13A700C3CF15 /* Sources */ = {
			isa = PBXSourcesBuildPhase;
			buildActionMask = 2147483647;
			files = (
				83FAF0931CC4D1E400A84063 /* ObjectTestCase.swift in Sources */,
				834EA7151D2A139A00108DDC /* UserTestCase.swift in Sources */,
				8342FCCB1C7B13A700C3CF15 /* BaseTestCase.swift in Sources */,
				8352B5231D2BAAE600531785 /* RelationTestCase.swift in Sources */,
				83D5923C1CD887CE007177C5 /* XCTestCase+Exception.m in Sources */,
				83D0DE6F1CC7B3FF00FC204E /* QueryTestCase.swift in Sources */,
				83BC11D61CDD76E900D7E7A6 /* ACLTestCase.swift in Sources */,
				8334561C1CE589E500D42725 /* EngineTestCase.swift in Sources */,
			);
			runOnlyForDeploymentPostprocessing = 0;
		};
/* End PBXSourcesBuildPhase section */

/* Begin PBXTargetDependency section */
		8342FCC81C7B13A700C3CF15 /* PBXTargetDependency */ = {
			isa = PBXTargetDependency;
			target = 8342FCBA1C7B13A700C3CF15 /* LeanCloud */;
			targetProxy = 8342FCC71C7B13A700C3CF15 /* PBXContainerItemProxy */;
		};
/* End PBXTargetDependency section */

/* Begin XCBuildConfiguration section */
		8342FCCD1C7B13A700C3CF15 /* Debug */ = {
			isa = XCBuildConfiguration;
			buildSettings = {
				ALWAYS_SEARCH_USER_PATHS = NO;
				CLANG_CXX_LANGUAGE_STANDARD = "gnu++0x";
				CLANG_CXX_LIBRARY = "libc++";
				CLANG_ENABLE_MODULES = YES;
				CLANG_ENABLE_OBJC_ARC = YES;
				CLANG_WARN_BOOL_CONVERSION = YES;
				CLANG_WARN_CONSTANT_CONVERSION = YES;
				CLANG_WARN_DIRECT_OBJC_ISA_USAGE = YES_ERROR;
				CLANG_WARN_EMPTY_BODY = YES;
				CLANG_WARN_ENUM_CONVERSION = YES;
				CLANG_WARN_INT_CONVERSION = YES;
				CLANG_WARN_OBJC_ROOT_CLASS = YES_ERROR;
				CLANG_WARN_UNREACHABLE_CODE = YES;
				CLANG_WARN__DUPLICATE_METHOD_MATCH = YES;
				"CODE_SIGN_IDENTITY[sdk=iphoneos*]" = "iPhone Developer";
				COPY_PHASE_STRIP = NO;
				CURRENT_PROJECT_VERSION = 1;
				DEBUG_INFORMATION_FORMAT = dwarf;
				ENABLE_STRICT_OBJC_MSGSEND = YES;
				ENABLE_TESTABILITY = YES;
				GCC_C_LANGUAGE_STANDARD = gnu99;
				GCC_DYNAMIC_NO_PIC = NO;
				GCC_NO_COMMON_BLOCKS = YES;
				GCC_OPTIMIZATION_LEVEL = 0;
				GCC_PREPROCESSOR_DEFINITIONS = (
					"DEBUG=1",
					"$(inherited)",
				);
				GCC_WARN_64_TO_32_BIT_CONVERSION = YES;
				GCC_WARN_ABOUT_RETURN_TYPE = YES_ERROR;
				GCC_WARN_UNDECLARED_SELECTOR = YES;
				GCC_WARN_UNINITIALIZED_AUTOS = YES_AGGRESSIVE;
				GCC_WARN_UNUSED_FUNCTION = YES;
				GCC_WARN_UNUSED_VARIABLE = YES;
				IPHONEOS_DEPLOYMENT_TARGET = 9.2;
				MTL_ENABLE_DEBUG_INFO = YES;
				ONLY_ACTIVE_ARCH = YES;
				SDKROOT = iphoneos;
				SWIFT_OPTIMIZATION_LEVEL = "-Onone";
				TARGETED_DEVICE_FAMILY = "1,2";
				VERSIONING_SYSTEM = "apple-generic";
				VERSION_INFO_PREFIX = "";
			};
			name = Debug;
		};
		8342FCCE1C7B13A700C3CF15 /* Release */ = {
			isa = XCBuildConfiguration;
			buildSettings = {
				ALWAYS_SEARCH_USER_PATHS = NO;
				CLANG_CXX_LANGUAGE_STANDARD = "gnu++0x";
				CLANG_CXX_LIBRARY = "libc++";
				CLANG_ENABLE_MODULES = YES;
				CLANG_ENABLE_OBJC_ARC = YES;
				CLANG_WARN_BOOL_CONVERSION = YES;
				CLANG_WARN_CONSTANT_CONVERSION = YES;
				CLANG_WARN_DIRECT_OBJC_ISA_USAGE = YES_ERROR;
				CLANG_WARN_EMPTY_BODY = YES;
				CLANG_WARN_ENUM_CONVERSION = YES;
				CLANG_WARN_INT_CONVERSION = YES;
				CLANG_WARN_OBJC_ROOT_CLASS = YES_ERROR;
				CLANG_WARN_UNREACHABLE_CODE = YES;
				CLANG_WARN__DUPLICATE_METHOD_MATCH = YES;
				"CODE_SIGN_IDENTITY[sdk=iphoneos*]" = "iPhone Developer";
				COPY_PHASE_STRIP = NO;
				CURRENT_PROJECT_VERSION = 1;
				DEBUG_INFORMATION_FORMAT = "dwarf-with-dsym";
				ENABLE_NS_ASSERTIONS = NO;
				ENABLE_STRICT_OBJC_MSGSEND = YES;
				GCC_C_LANGUAGE_STANDARD = gnu99;
				GCC_NO_COMMON_BLOCKS = YES;
				GCC_WARN_64_TO_32_BIT_CONVERSION = YES;
				GCC_WARN_ABOUT_RETURN_TYPE = YES_ERROR;
				GCC_WARN_UNDECLARED_SELECTOR = YES;
				GCC_WARN_UNINITIALIZED_AUTOS = YES_AGGRESSIVE;
				GCC_WARN_UNUSED_FUNCTION = YES;
				GCC_WARN_UNUSED_VARIABLE = YES;
				IPHONEOS_DEPLOYMENT_TARGET = 9.2;
				MTL_ENABLE_DEBUG_INFO = NO;
				SDKROOT = iphoneos;
				TARGETED_DEVICE_FAMILY = "1,2";
				VALIDATE_PRODUCT = YES;
				VERSIONING_SYSTEM = "apple-generic";
				VERSION_INFO_PREFIX = "";
			};
			name = Release;
		};
		8342FCD01C7B13A700C3CF15 /* Debug */ = {
			isa = XCBuildConfiguration;
			buildSettings = {
				CLANG_ENABLE_MODULES = YES;
				DEFINES_MODULE = YES;
				DYLIB_COMPATIBILITY_VERSION = 1;
				DYLIB_CURRENT_VERSION = 1;
				DYLIB_INSTALL_NAME_BASE = "@rpath";
				INFOPLIST_FILE = LeanCloud/Info.plist;
				INSTALL_PATH = "$(LOCAL_LIBRARY_DIR)/Frameworks";
				IPHONEOS_DEPLOYMENT_TARGET = 8.0;
				LD_RUNPATH_SEARCH_PATHS = "$(inherited) @executable_path/Frameworks @loader_path/Frameworks";
				PRODUCT_BUNDLE_IDENTIFIER = cn.leancloud.LeanCloud;
				PRODUCT_NAME = "$(TARGET_NAME)";
				SKIP_INSTALL = YES;
				SWIFT_OPTIMIZATION_LEVEL = "-Onone";
			};
			name = Debug;
		};
		8342FCD11C7B13A700C3CF15 /* Release */ = {
			isa = XCBuildConfiguration;
			buildSettings = {
				CLANG_ENABLE_MODULES = YES;
				DEFINES_MODULE = YES;
				DYLIB_COMPATIBILITY_VERSION = 1;
				DYLIB_CURRENT_VERSION = 1;
				DYLIB_INSTALL_NAME_BASE = "@rpath";
				INFOPLIST_FILE = LeanCloud/Info.plist;
				INSTALL_PATH = "$(LOCAL_LIBRARY_DIR)/Frameworks";
				IPHONEOS_DEPLOYMENT_TARGET = 8.0;
				LD_RUNPATH_SEARCH_PATHS = "$(inherited) @executable_path/Frameworks @loader_path/Frameworks";
				PRODUCT_BUNDLE_IDENTIFIER = cn.leancloud.LeanCloud;
				PRODUCT_NAME = "$(TARGET_NAME)";
				SKIP_INSTALL = YES;
			};
			name = Release;
		};
		8342FCD31C7B13A700C3CF15 /* Debug */ = {
			isa = XCBuildConfiguration;
			buildSettings = {
				INFOPLIST_FILE = LeanCloudTests/Info.plist;
				LD_RUNPATH_SEARCH_PATHS = "$(inherited) @executable_path/Frameworks @loader_path/Frameworks";
				PRODUCT_BUNDLE_IDENTIFIER = cn.leancloud.LeanCloudTests;
				PRODUCT_NAME = "$(TARGET_NAME)";
				SWIFT_OBJC_BRIDGING_HEADER = LeanCloudTests/BridgingHeader.h;
			};
			name = Debug;
		};
		8342FCD41C7B13A700C3CF15 /* Release */ = {
			isa = XCBuildConfiguration;
			buildSettings = {
				INFOPLIST_FILE = LeanCloudTests/Info.plist;
				LD_RUNPATH_SEARCH_PATHS = "$(inherited) @executable_path/Frameworks @loader_path/Frameworks";
				PRODUCT_BUNDLE_IDENTIFIER = cn.leancloud.LeanCloudTests;
				PRODUCT_NAME = "$(TARGET_NAME)";
				SWIFT_OBJC_BRIDGING_HEADER = LeanCloudTests/BridgingHeader.h;
			};
			name = Release;
		};
/* End XCBuildConfiguration section */

/* Begin XCConfigurationList section */
		8342FCB51C7B13A600C3CF15 /* Build configuration list for PBXProject "LeanCloud" */ = {
			isa = XCConfigurationList;
			buildConfigurations = (
				8342FCCD1C7B13A700C3CF15 /* Debug */,
				8342FCCE1C7B13A700C3CF15 /* Release */,
			);
			defaultConfigurationIsVisible = 0;
			defaultConfigurationName = Release;
		};
		8342FCCF1C7B13A700C3CF15 /* Build configuration list for PBXNativeTarget "LeanCloud" */ = {
			isa = XCConfigurationList;
			buildConfigurations = (
				8342FCD01C7B13A700C3CF15 /* Debug */,
				8342FCD11C7B13A700C3CF15 /* Release */,
			);
			defaultConfigurationIsVisible = 0;
			defaultConfigurationName = Release;
		};
		8342FCD21C7B13A700C3CF15 /* Build configuration list for PBXNativeTarget "LeanCloudTests" */ = {
			isa = XCConfigurationList;
			buildConfigurations = (
				8342FCD31C7B13A700C3CF15 /* Debug */,
				8342FCD41C7B13A700C3CF15 /* Release */,
			);
			defaultConfigurationIsVisible = 0;
			defaultConfigurationName = Release;
		};
/* End XCConfigurationList section */
	};
	rootObject = 8342FCB21C7B13A600C3CF15 /* Project object */;
}
